
Microsoft Visual Studio Solution File, Format Version 12.00
# Visual Studio Version 17
VisualStudioVersion = 17.2.32516.85
MinimumVisualStudioVersion = 10.0.40219.1
Project("{FAE04EC0-301F-11D3-BF4B-00C04F79EFBC}") = "Api_autores", "Api_autores\Api_autores.csproj", "{94F4A1EA-3734-45F4-BAF7-13B47677394C}"
EndProject
Global
	GlobalSection(SolutionConfigurationPlatforms) = preSolution
		Debug|Any CPU = Debug|Any CPU
		Release|Any CPU = Release|Any CPU
	EndGlobalSection
	GlobalSection(ProjectConfigurationPlatforms) = postSolution
		{94F4A1EA-3734-45F4-BAF7-13B47677394C}.Debug|Any CPU.ActiveCfg = Debug|Any CPU
		{94F4A1EA-3734-45F4-BAF7-13B47677394C}.Debug|Any CPU.Build.0 = Debug|Any CPU
		{94F4A1EA-3734-45F4-BAF7-13B47677394C}.Release|Any CPU.ActiveCfg = Release|Any CPU
		{94F4A1EA-3734-45F4-BAF7-13B47677394C}.Release|Any CPU.Build.0 = Release|Any CPU
	EndGlobalSection
	GlobalSection(SolutionProperties) = preSolution
		HideSolutionNode = FALSE
	EndGlobalSection
	GlobalSection(ExtensibilityGlobals) = postSolution
		SolutionGuid = {2CED3F9D-4647-4A27-B0CE-2040DFDB5B5D}
	EndGlobalSection
EndGlobal
